
Microsoft Visual Studio Solution File, Format Version 12.00
# Visual Studio Version 16
VisualStudioVersion = 16.0.31105.61
MinimumVisualStudioVersion = 10.0.40219.1
Project("{FAE04EC0-301F-11D3-BF4B-00C04F79EFBC}") = "FinalProject", "FinalProject\FinalProject.csproj", "{D626D4EC-FFA3-4050-819B-7536CEDD9AA8}"
EndProject
Global
	GlobalSection(SolutionConfigurationPlatforms) = preSolution
		Debug|Any CPU = Debug|Any CPU
		Release|Any CPU = Release|Any CPU
	EndGlobalSection
	GlobalSection(ProjectConfigurationPlatforms) = postSolution
		{D626D4EC-FFA3-4050-819B-7536CEDD9AA8}.Debug|Any CPU.ActiveCfg = Debug|Any CPU
		{D626D4EC-FFA3-4050-819B-7536CEDD9AA8}.Debug|Any CPU.Build.0 = Debug|Any CPU
		{D626D4EC-FFA3-4050-819B-7536CEDD9AA8}.Release|Any CPU.ActiveCfg = Release|Any CPU
		{D626D4EC-FFA3-4050-819B-7536CEDD9AA8}.Release|Any CPU.Build.0 = Release|Any CPU
	EndGlobalSection
	GlobalSection(SolutionProperties) = preSolution
		HideSolutionNode = FALSE
	EndGlobalSection
	GlobalSection(ExtensibilityGlobals) = postSolution
		SolutionGuid = {335BFC4E-C76A-42D0-9539-A4025BDBF44A}
	EndGlobalSection
EndGlobal
